
Microsoft Visual Studio Solution File, Format Version 12.00
# Visual Studio 2015
Project("{FAE04EC0-301F-11D3-BF4B-00C04F79EFBC}") = "[S] Candyland.CSharp", "[S] Candyland.CSharp.csproj", "{0FA2F4C1-8437-C524-37B4-07E67FCA0F38}"
EndProject
Global
	GlobalSection(SolutionConfigurationPlatforms) = preSolution
		Debug|Any CPU = Debug|Any CPU
		Release|Any CPU = Release|Any CPU
	EndGlobalSection
	GlobalSection(ProjectConfigurationPlatforms) = postSolution
		{0FA2F4C1-8437-C524-37B4-07E67FCA0F38}.Debug|Any CPU.ActiveCfg = Debug|Any CPU
		{0FA2F4C1-8437-C524-37B4-07E67FCA0F38}.Debug|Any CPU.Build.0 = Debug|Any CPU
		{0FA2F4C1-8437-C524-37B4-07E67FCA0F38}.Release|Any CPU.ActiveCfg = Release|Any CPU
		{0FA2F4C1-8437-C524-37B4-07E67FCA0F38}.Release|Any CPU.Build.0 = Release|Any CPU
	EndGlobalSection
	GlobalSection(SolutionProperties) = preSolution
		HideSolutionNode = FALSE
	EndGlobalSection
EndGlobal
